<?xml version="1.0" encoding="utf-8"?>
<Project ToolsVersion="4.0" xmlns="http://schemas.microsoft.com/developer/msbuild/2003">
  <ItemGroup>
    <Filter Include="Source Files">
      <UniqueIdentifier>{4FC737F1-C7A5-4376-A066-2A32D752A2FF}</UniqueIdentifier>
      <Extensions>cpp;c;cc;cxx;def;odl;idl;hpj;bat;asm;asmx</Extensions>
    </Filter>
    <Filter Include="Header Files">
      <UniqueIdentifier>{93995380-89BD-4b04-88EB-625FBE52EBFB}</UniqueIdentifier>
      <Extensions>h;hpp;hxx;hm;inl;inc;xsd</Extensions>
    </Filter>
    <Filter Include="Source Files\UI">
      <UniqueIdentifier>{a5c4fda7-9a1c-4e3c-b1d6-c0c2951810e3}</UniqueIdentifier>
    </Filter>
    <Filter Include="Source Files\Scenes">
      <UniqueIdentifier>{1d865184-5c6d-48b6-82ef-e86ffc424ef9}</UniqueIdentifier>
    </Filter>
    <Filter Include="Source Files\Scenes\Base">
      <UniqueIdentifier>{566388e6-9c68-41d6-8c63-793684ac2ace}</UniqueIdentifier>
    </Filter>
    <Filter Include="Source Files\Scenes\Intro">
      <UniqueIdentifier>{569eff87-c640-43a3-80ec-9536fbbd8331}</UniqueIdentifier>
    </Filter>
    <Filter Include="Source Files\Scenes\Mainmenu">
      <UniqueIdentifier>{a89acea3-197d-42e1-8eb6-ccc82f511140}</UniqueIdentifier>
    </Filter>
    <Filter Include="Source Files\Scenes\Gameplay">
      <UniqueIdentifier>{5bc642f6-9368-4efe-86af-37fee31cc5ea}</UniqueIdentifier>
    </Filter>
    <Filter Include="Source Files\Timer">
      <UniqueIdentifier>{2af26410-02af-48b1-b81e-4dbc26f58a2a}</UniqueIdentifier>
    </Filter>
    <Filter Include="Source Files\Scenes\Tutorial">
      <UniqueIdentifier>{caa8f1e3-1f53-4319-88ac-07cbbe78e293}</UniqueIdentifier>
    </Filter>
    <Filter Include="Source Files\GameObjects">
      <UniqueIdentifier>{1efe7a35-61f6-40ca-9dff-fe5c4e9ab493}</UniqueIdentifier>
    </Filter>
    <Filter Include="Source Files\GameObjects\Balls">
      <UniqueIdentifier>{fbe669d1-7b0d-42ad-9bbe-f683523d7466}</UniqueIdentifier>
    </Filter>
    <Filter Include="Source Files\GameObjects\Enviroment">
      <UniqueIdentifier>{e51127c7-201e-46d1-beb0-ca9cb008418b}</UniqueIdentifier>
    </Filter>
    <Filter Include="Source Files\GameObjects\Enviroment\Wall">
      <UniqueIdentifier>{1d96ea83-1d7b-45e8-8257-45c60ef5a0d6}</UniqueIdentifier>
    </Filter>
    <Filter Include="Source Files\GameObjects\Enviroment\Spikes">
      <UniqueIdentifier>{12e4224b-4154-49bc-ad10-059c56acd504}</UniqueIdentifier>
    </Filter>
    <Filter Include="Source Files\RigidBody">
      <UniqueIdentifier>{7eb16047-4288-43ed-ad6e-980c0c5aaf9a}</UniqueIdentifier>
    </Filter>
    <Filter Include="Source Files\RigidBody\Collision">
      <UniqueIdentifier>{8f576d95-6160-4b97-8604-38083b05b18b}</UniqueIdentifier>
    </Filter>
    <Filter Include="Source Files\RigidBody\Physics">
      <UniqueIdentifier>{0ddaabe7-746f-4e7e-a742-bd9bfb9849f2}</UniqueIdentifier>
    </Filter>
    <Filter Include="Source Files\Controls">
      <UniqueIdentifier>{7af832a9-e29e-4d0a-b859-dadf82f63dda}</UniqueIdentifier>
    <Filter Include="Source Files\GameObjects\Tools">
      <UniqueIdentifier>{1dca54c4-e941-41f3-b0ce-d8e5fa48334e}</UniqueIdentifier>
    </Filter>
    <Filter Include="Source Files\Game State Management">
      <UniqueIdentifier>{bc9aa255-6d35-4617-84f6-0535a9414778}</UniqueIdentifier>
    </Filter>
    <Filter Include="Source Files\Game State Management\Gameplay">
      <UniqueIdentifier>{dc15eebe-479c-42a8-8cee-e9f950303d56}</UniqueIdentifier>
    </Filter>
    <Filter Include="Source Files\Game State Management\Intro">
      <UniqueIdentifier>{e4252c81-f893-437b-83c6-0c97afc313af}</UniqueIdentifier>
    </Filter>
    <Filter Include="Source Files\Game State Management\Mainmenu">
      <UniqueIdentifier>{9fb30931-0c93-4f38-bc2a-6c9e7c196bf5}</UniqueIdentifier>
    </Filter>
    <Filter Include="Source Files\Game State Management\Tutorial">
      <UniqueIdentifier>{c6db3fd1-b013-45c2-9024-413a4dd6d653}</UniqueIdentifier>
    </Filter>
    <Filter Include="Source Files\Game State Management\LevelSelect">
      <UniqueIdentifier>{8a5956d3-dbb7-4758-9089-e401037e4d8e}</UniqueIdentifier>
    </Filter>
    <Filter Include="Source Files\Scenes\LevelSelect">
      <UniqueIdentifier>{2269e633-928c-44cb-ad8e-1314c7f3c629}</UniqueIdentifier>
    </Filter>
    <Filter Include="Source Files\UI\Base">
      <UniqueIdentifier>{e4cd1000-1b6f-46c8-a083-9e0ec23eb767}</UniqueIdentifier>
    </Filter>
    <Filter Include="Source Files\UI\Menus">
      <UniqueIdentifier>{c0a04797-c0f4-486d-83f9-cf7afaa76f2a}</UniqueIdentifier>
    </Filter>
    <Filter Include="Source Files\UI\Ingame">
      <UniqueIdentifier>{687a902a-3184-4277-be43-f71c4484a0a4}</UniqueIdentifier>
    </Filter>
    <Filter Include="Source Files\GameObjects\Tools\Boost">
      <UniqueIdentifier>{805fd163-d4cb-44e7-8150-ede1c6d58d4e}</UniqueIdentifier>
    </Filter>
    <Filter Include="Source Files\GameObjects\Tools\Slow">
      <UniqueIdentifier>{695bc285-4136-42f2-b3ea-a02c656bafb6}</UniqueIdentifier>
    </Filter>
    <Filter Include="Source Files\GameObjects\Tools\Cannon">
      <UniqueIdentifier>{6e58bcf0-e92a-4be4-8fa5-3b70cd9006ab}</UniqueIdentifier>
    </Filter>
  </ItemGroup>
  <ItemGroup>
    <ClCompile Include="Source\Application.cpp">
      <Filter>Source Files</Filter>
    </ClCompile>
    <ClCompile Include="Source\main.cpp">
      <Filter>Source Files</Filter>
    </ClCompile>
    <ClCompile Include="Source\shader.cpp">
      <Filter>Source Files</Filter>
    </ClCompile>
    <ClCompile Include="Source\Mesh.cpp">
      <Filter>Source Files</Filter>
    </ClCompile>
    <ClCompile Include="Source\Camera.cpp">
      <Filter>Source Files</Filter>
    </ClCompile>
    <ClCompile Include="Source\MeshBuilder.cpp">
      <Filter>Source Files</Filter>
    </ClCompile>
    <ClCompile Include="Source\Utility.cpp">
      <Filter>Source Files</Filter>
    </ClCompile>
    <ClCompile Include="Source\LoadTGA.cpp">
      <Filter>Source Files</Filter>
    </ClCompile>
    <ClCompile Include="Source\Camera3.cpp">
      <Filter>Source Files</Filter>
    </ClCompile>
    <ClCompile Include="Source\LoadOBJ.cpp">
      <Filter>Source Files</Filter>
    </ClCompile>
    <ClCompile Include="Source\Luala.cpp">
      <Filter>Source Files</Filter>
    </ClCompile>
    <ClCompile Include="Source\Scenes\GameplayScene.cpp">
      <Filter>Source Files\Scenes\Gameplay</Filter>
    </ClCompile>
    <ClCompile Include="Source\Scenes\SceneManager2D_Intro.cpp">
      <Filter>Source Files\Scenes\Intro</Filter>
    </ClCompile>
    <ClCompile Include="Source\Scenes\SceneManager2D.cpp">
      <Filter>Source Files\Scenes\Base</Filter>
    </ClCompile>
    <ClCompile Include="Source\GSM\GameStateManager.cpp">
      <Filter>Source Files\Game State Management</Filter>
    </ClCompile>
    <ClCompile Include="Source\GSM\MenuState.cpp">
      <Filter>Source Files\Game State Management\Mainmenu</Filter>
    </ClCompile>
    <ClCompile Include="Source\GSM\IntroState.cpp">
      <Filter>Source Files\Game State Management\Intro</Filter>
    </ClCompile>
    <ClCompile Include="Source\GSM\GameplayState.cpp">
      <Filter>Source Files\Game State Management\Gameplay</Filter>
    </ClCompile>
    <ClCompile Include="Source\FileReading.cpp">
      <Filter>Source Files</Filter>
    </ClCompile>
    <ClCompile Include="Source\SoundManager.cpp">
      <Filter>Source Files</Filter>
    </ClCompile>
    <ClCompile Include="Source\Level.cpp">
      <Filter>Source Files</Filter>
    </ClCompile>
    <ClCompile Include="Source\Timer\Timer.cpp">
      <Filter>Source Files\Timer</Filter>
    </ClCompile>
    <ClCompile Include="Source\Scenes\SceneManager2D_Menu.cpp">
      <Filter>Source Files\Scenes\Mainmenu</Filter>
    </ClCompile>
    <ClCompile Include="Source\GSM\TutorialState.cpp">
      <Filter>Source Files\Game State Management\Tutorial</Filter>
    </ClCompile>
    <ClCompile Include="Source\Scenes\TutorialScene.cpp">
      <Filter>Source Files\Scenes\Tutorial</Filter>
    </ClCompile>
    <ClCompile Include="Source\GameObjects\GameObject.cpp">
      <Filter>Source Files\GameObjects</Filter>
    </ClCompile>
    <ClCompile Include="Source\GameObjects\Balls.cpp">
      <Filter>Source Files\GameObjects\Balls</Filter>
    </ClCompile>
    <ClCompile Include="Source\GameObjects\Enviroment.cpp">
      <Filter>Source Files\GameObjects\Enviroment</Filter>
    </ClCompile>
    <ClCompile Include="Source\GameObjects\Wall.cpp">
      <Filter>Source Files\GameObjects\Enviroment\Wall</Filter>
    </ClCompile>
    <ClCompile Include="Source\GameObjects\Spikes.cpp">
      <Filter>Source Files\GameObjects\Enviroment\Spikes</Filter>
    </ClCompile>
    <ClCompile Include="Source\RigidBody\RigidBody.cpp">
      <Filter>Source Files\RigidBody</Filter>
    </ClCompile>
    <ClCompile Include="Source\RigidBody\Box.cpp">
      <Filter>Source Files\RigidBody\Collision</Filter>
    </ClCompile>
    <ClCompile Include="Source\RigidBody\Circle.cpp">
      <Filter>Source Files\RigidBody\Collision</Filter>
    </ClCompile>
    <ClCompile Include="Source\RigidBody\CollisionComponent.cpp">
      <Filter>Source Files\RigidBody\Collision</Filter>
    </ClCompile>
    <ClCompile Include="Source\RigidBody\CollisionHandler.cpp">
      <Filter>Source Files\RigidBody\Collision</Filter>
    </ClCompile>
    <ClCompile Include="Source\RigidBody\Ray.cpp">
      <Filter>Source Files\RigidBody\Collision</Filter>
    </ClCompile>
    <ClCompile Include="Source\RigidBody\PhysicsComponent.cpp">
      <Filter>Source Files\RigidBody\Physics</Filter>
    </ClCompile>
    <ClCompile Include="Source\Controls\Controls.cpp">
      <Filter>Source Files\Controls</Filter>
    <ClCompile Include="Source\GameObjects\Tools.cpp">
      <Filter>Source Files\GameObjects\Tools</Filter>
    </ClCompile>
    <ClCompile Include="Source\GameObjects\Cannon.cpp">
      <Filter>Source Files\GameObjects\Tools\Cannon</Filter>
    </ClCompile>
    <ClCompile Include="Source\GUIManager\GUI.cpp">
      <Filter>Source Files\UI\Ingame</Filter>
    </ClCompile>
    <ClCompile Include="Source\GUIManager\GUIManager.cpp">
      <Filter>Source Files\UI\Ingame</Filter>
    </ClCompile>
    <ClCompile Include="Source\GSM\LevelSelectState.cpp">
      <Filter>Source Files\Game State Management\LevelSelect</Filter>
    </ClCompile>
    <ClCompile Include="Source\Scenes\LevelSelectScene.cpp">
      <Filter>Source Files\Scenes\LevelSelect</Filter>
    </ClCompile>
    <ClCompile Include="Source\UI\ButtonUI.cpp">
      <Filter>Source Files\UI\Base</Filter>
    </ClCompile>
    <ClCompile Include="Source\GameObjects\Boost.cpp">
      <Filter>Source Files\GameObjects\Tools\Boost</Filter>
    </ClCompile>
    <ClCompile Include="Source\GameObjects\Slow.cpp">
      <Filter>Source Files\GameObjects\Tools\Slow</Filter>
    </ClCompile>
  </ItemGroup>
  <ItemGroup>
    <ClInclude Include="Source\Application.h">
      <Filter>Header Files</Filter>
    </ClInclude>
    <ClInclude Include="Source\shader.hpp">
      <Filter>Header Files</Filter>
    </ClInclude>
    <ClInclude Include="Source\Camera.h">
      <Filter>Header Files</Filter>
    </ClInclude>
    <ClInclude Include="Source\Mesh.h">
      <Filter>Header Files</Filter>
    </ClInclude>
    <ClInclude Include="Source\Vertex.h">
      <Filter>Header Files</Filter>
    </ClInclude>
    <ClInclude Include="Source\MeshBuilder.h">
      <Filter>Header Files</Filter>
    </ClInclude>
    <ClInclude Include="Source\Light.h">
      <Filter>Header Files</Filter>
    </ClInclude>
    <ClInclude Include="Source\Utility.h">
      <Filter>Header Files</Filter>
    </ClInclude>
    <ClInclude Include="Source\Material.h">
      <Filter>Header Files</Filter>
    </ClInclude>
    <ClInclude Include="Source\LoadTGA.h">
      <Filter>Header Files</Filter>
    </ClInclude>
    <ClInclude Include="Source\Camera3.h">
      <Filter>Header Files</Filter>
    </ClInclude>
    <ClInclude Include="Source\LoadOBJ.h">
      <Filter>Header Files</Filter>
    </ClInclude>
    <ClInclude Include="Source\Luala.h">
      <Filter>Header Files</Filter>
    </ClInclude>
    <ClInclude Include="Source\Scenes\GameplayScene.h">
      <Filter>Source Files\Scenes\Gameplay</Filter>
    </ClInclude>
    <ClInclude Include="Source\Scenes\SceneManager2D_Intro.h">
      <Filter>Source Files\Scenes\Intro</Filter>
    </ClInclude>
    <ClInclude Include="Source\Scenes\Scene.h">
      <Filter>Source Files\Scenes\Base</Filter>
    </ClInclude>
    <ClInclude Include="Source\Scenes\SceneManager2D.h">
      <Filter>Source Files\Scenes\Base</Filter>
    </ClInclude>
    <ClInclude Include="Source\Scenes\SceneManager2D_Menu.h">
      <Filter>Source Files\Scenes\Mainmenu</Filter>
    </ClInclude>
    <ClInclude Include="Source\GSM\GameStateManager.h">
      <Filter>Source Files\Game State Management</Filter>
    </ClInclude>
    <ClInclude Include="Source\GSM\GameState.h">
      <Filter>Source Files\Game State Management</Filter>
    </ClInclude>
    <ClInclude Include="Source\GSM\MenuState.h">
      <Filter>Source Files\Game State Management\Mainmenu</Filter>
    </ClInclude>
    <ClInclude Include="Source\GSM\IntroState.h">
      <Filter>Source Files\Game State Management\Intro</Filter>
    </ClInclude>
    <ClInclude Include="Source\GSM\GameplayState.h">
      <Filter>Source Files\Game State Management\Gameplay</Filter>
    </ClInclude>
    <ClInclude Include="Source\FileReading.h">
      <Filter>Header Files</Filter>
    </ClInclude>
    <ClInclude Include="Source\SoundManager.h">
      <Filter>Header Files</Filter>
    </ClInclude>
    <ClInclude Include="Source\Level.h">
      <Filter>Header Files</Filter>
    </ClInclude>
    <ClInclude Include="Source\Timer\Timer.h">
      <Filter>Source Files\Timer</Filter>
    </ClInclude>
    <ClInclude Include="Source\GSM\TutorialState.h">
      <Filter>Source Files\Game State Management\Tutorial</Filter>
    </ClInclude>
    <ClInclude Include="Source\Scenes\TutorialScene.h">
      <Filter>Source Files\Scenes\Tutorial</Filter>
    </ClInclude>
    <ClInclude Include="Source\GameObjects\GameObject.h">
      <Filter>Source Files\GameObjects</Filter>
    </ClInclude>
    <ClInclude Include="Source\GameObjects\Balls.h">
      <Filter>Source Files\GameObjects\Balls</Filter>
    </ClInclude>
    <ClInclude Include="Source\GameObjects\Enviroment.h">
      <Filter>Source Files\GameObjects\Enviroment</Filter>
    </ClInclude>
    <ClInclude Include="Source\GameObjects\Wall.h">
      <Filter>Source Files\GameObjects\Enviroment\Wall</Filter>
    </ClInclude>
    <ClInclude Include="Source\GameObjects\Spikes.h">
      <Filter>Source Files\GameObjects\Enviroment\Spikes</Filter>
    </ClInclude>
    <ClInclude Include="Source\RigidBody\RigidBody.h">
      <Filter>Source Files\RigidBody</Filter>
    </ClInclude>
    <ClInclude Include="Source\RigidBody\Box.h">
      <Filter>Source Files\RigidBody\Collision</Filter>
    </ClInclude>
    <ClInclude Include="Source\RigidBody\Circle.h">
      <Filter>Source Files\RigidBody\Collision</Filter>
    </ClInclude>
    <ClInclude Include="Source\RigidBody\CollisionComponent.h">
      <Filter>Source Files\RigidBody\Collision</Filter>
    </ClInclude>
    <ClInclude Include="Source\RigidBody\CollisionHandler.h">
      <Filter>Source Files\RigidBody\Collision</Filter>
    </ClInclude>
    <ClInclude Include="Source\RigidBody\Ray.h">
      <Filter>Source Files\RigidBody\Collision</Filter>
    </ClInclude>
    <ClInclude Include="Source\RigidBody\PhysicsComponent.h">
      <Filter>Source Files\RigidBody\Physics</Filter>
    </ClInclude>
    <ClInclude Include="Source\Controls\Controls.h">
      <Filter>Source Files\Controls</Filter>
    <ClInclude Include="Source\GameObjects\Tools.h">
      <Filter>Source Files\GameObjects\Tools</Filter>
    </ClInclude>
    <ClInclude Include="Source\GameObjects\Cannon.h">
      <Filter>Source Files\GameObjects\Tools\Cannon</Filter>
    </ClInclude>
    <ClInclude Include="Source\GUIManager\GUI.h">
      <Filter>Source Files\UI\Ingame</Filter>
    </ClInclude>
    <ClInclude Include="Source\GUIManager\GUIManager.h">
      <Filter>Source Files\UI\Ingame</Filter>
    </ClInclude>
    <ClInclude Include="Source\GSM\LevelSelectState.h">
      <Filter>Source Files\Game State Management\LevelSelect</Filter>
    </ClInclude>
    <ClInclude Include="Source\Scenes\LevelSelectScene.h">
      <Filter>Source Files\Scenes\LevelSelect</Filter>
    </ClInclude>
    <ClInclude Include="Source\UI\ButtonUI.h">
      <Filter>Source Files\UI\Base</Filter>
    </ClInclude>
    <ClInclude Include="Source\GameObjects\Boost.h">
      <Filter>Source Files\GameObjects\Tools\Boost</Filter>
    </ClInclude>
    <ClInclude Include="Source\GameObjects\Slow.h">
      <Filter>Source Files\GameObjects\Tools\Slow</Filter>
    </ClInclude>
  </ItemGroup>
</Project>